<?xml version="1.0" encoding="utf-8"?>
<Project ToolsVersion="4.0" xmlns="http://schemas.microsoft.com/developer/msbuild/2003">
  <ItemGroup>
    <ClCompile Include="main.cpp">
      <Filter>main</Filter>
    </ClCompile>
    <ClCompile Include="Reservoir.cpp">
      <Filter>Reservoir</Filter>
    </ClCompile>
  </ItemGroup>
  <ItemGroup>
    <Filter Include="main">
      <UniqueIdentifier>{f0b5ec0e-a999-4b02-9ef8-2e44e014a16b}</UniqueIdentifier>
    </Filter>
    <Filter Include="Reservoir">
      <UniqueIdentifier>{ba99d213-2cec-4b81-be5c-5ebe75d902d8}</UniqueIdentifier>
    </Filter>
  </ItemGroup>
  <ItemGroup>
    <ClInclude Include="Reservoir.h">
      <Filter>Reservoir</Filter>
    </ClInclude>
  </ItemGroup>
</Project>